{
  "pins" : [
    {
      "identity" : "alamofire",
      "kind" : "remoteSourceControl",
      "location" : "https://github.com/Alamofire/Alamofire",
      "state" : {
        "branch" : "master",
        "revision" : "8dd85aee02e39dd280c75eef88ffdb86eed4b07b"
      }
    },
    {
      "identity" : "appupdater",
      "kind" : "remoteSourceControl",
      "location" : "https://github.com/teamniteo/AppUpdater",
      "state" : {
        "branch" : "master",
        "revision" : "c9fe1f49cd940067de5804ccf113a8dad16b71e3"
      }
    },
    {
      "identity" : "cache",
      "kind" : "remoteSourceControl",
      "location" : "https://github.com/hyperoslo/Cache",
      "state" : {
        "branch" : "master",
        "revision" : "eeaf771d8d2e8247fbd6da2e27c986d99803fb1f"
      }
    },
    {
      "identity" : "defaults",
      "kind" : "remoteSourceControl",
      "location" : "https://github.com/sindresorhus/Defaults",
      "state" : {
        "branch" : "main",
        "revision" : "981ccb0a01c54abbe3c12ccb8226108527bbf115"
      }
    },
    {
      "identity" : "jwtdecode.swift",
      "kind" : "remoteSourceControl",
      "location" : "https://github.com/auth0/JWTDecode.swift.git",
      "state" : {
        "branch" : "master",
        "revision" : "79e7a7278619b324c8db45b9b37f17ecc02fd3b4"
      }
    },
    {
      "identity" : "launchatlogin",
      "kind" : "remoteSourceControl",
      "location" : "https://github.com/sindresorhus/LaunchAtLogin",
      "state" : {
        "branch" : "main",
        "revision" : "05168c04c91fdf6c432852c2fe0737af6437195c"
      }
    },
    {
      "identity" : "path.swift",
      "kind" : "remoteSourceControl",
      "location" : "https://github.com/mxcl/Path.swift",
      "state" : {
        "revision" : "9c6f807b0a76be0e27aecc908bc6f173400d839e",
        "version" : "1.4.0"
      }
    },
    {
      "identity" : "regex",
      "kind" : "remoteSourceControl",
      "location" : "https://github.com/sindresorhus/Regex",
      "state" : {
        "branch" : "main",
        "revision" : "030fff85e600ddb1c09412d4687fe34cf7a9c7d9"
      }
    },
    {
      "identity" : "sentry-cocoa",
      "kind" : "remoteSourceControl",
      "location" : "https://github.com/getsentry/sentry-cocoa.git",
      "state" : {
        "branch" : "master",
        "revision" : "eefdeedf0d7edd17ac03e89ab7a4da75f24bc1ff"
      }
    },
    {
      "identity" : "version",
      "kind" : "remoteSourceControl",
      "location" : "https://github.com/ParetoSecurity/Version",
      "state" : {
        "branch" : "master",
        "revision" : "9efa0d232cd886e78a6c59fd6eff337ebcbdafce"
      }
    },
    {
      "identity" : "xmlcoder",
      "kind" : "remoteSourceControl",
      "location" : "https://github.com/CoreOffice/XMLCoder",
      "state" : {
        "branch" : "main",
        "revision" : "1b15e5a7840c7ed913d960f52f05bbfb3018a51f"
      }
    }
  ],
  "version" : 2
}
