{
  "pins" : [
    {
      "identity" : "alamofire",
      "kind" : "remoteSourceControl",
      "location" : "https://github.com/Alamofire/Alamofire",
      "state" : {
        "branch" : "master",
        "revision" : "bdecb2c87a21a236dcfe88b21532ad3f0e3d20f4"
      }
    },
    {
      "identity" : "appupdater",
      "kind" : "remoteSourceControl",
      "location" : "https://github.com/teamniteo/AppUpdater",
      "state" : {
        "branch" : "master",
        "revision" : "c9fe1f49cd940067de5804ccf113a8dad16b71e3"
      }
    },
    {
      "identity" : "cache",
      "kind" : "remoteSourceControl",
      "location" : "https://github.com/hyperoslo/Cache",
      "state" : {
        "branch" : "master",
        "revision" : "eeaf771d8d2e8247fbd6da2e27c986d99803fb1f"
      }
    },
    {
      "identity" : "defaults",
      "kind" : "remoteSourceControl",
      "location" : "https://github.com/sindresorhus/Defaults",
      "state" : {
        "revision" : "981ccb0a01c54abbe3c12ccb8226108527bbf115",
        "version" : "6.3.0"
      }
    },
    {
      "identity" : "jwtdecode.swift",
      "kind" : "remoteSourceControl",
      "location" : "https://github.com/auth0/JWTDecode.swift.git",
      "state" : {
        "branch" : "master",
        "revision" : "fd6c86459db161e37ea07ee2dd01359d34019d6d"
      }
    },
    {
      "identity" : "launchatlogin",
      "kind" : "remoteSourceControl",
      "location" : "https://github.com/sindresorhus/LaunchAtLogin",
      "state" : {
        "branch" : "main",
        "revision" : "d473e169537169cc0442d6d88a0f9a9daf9d4f6f"
      }
    },
    {
      "identity" : "path.swift",
      "kind" : "remoteSourceControl",
      "location" : "https://github.com/mxcl/Path.swift",
      "state" : {
        "revision" : "9c6f807b0a76be0e27aecc908bc6f173400d839e",
        "version" : "1.4.0"
      }
    },
    {
      "identity" : "regex",
      "kind" : "remoteSourceControl",
      "location" : "https://github.com/sindresorhus/Regex",
      "state" : {
        "branch" : "main",
        "revision" : "030fff85e600ddb1c09412d4687fe34cf7a9c7d9"
      }
    },
    {
      "identity" : "sentry-cocoa",
      "kind" : "remoteSourceControl",
      "location" : "https://github.com/getsentry/sentry-cocoa.git",
      "state" : {
        "branch" : "master",
        "revision" : "8607e67a262a3e958b22e861bba7a57ec965b89c"
      }
    },
    {
      "identity" : "version",
      "kind" : "remoteSourceControl",
      "location" : "https://github.com/ParetoSecurity/Version",
      "state" : {
        "branch" : "master",
        "revision" : "9efa0d232cd886e78a6c59fd6eff337ebcbdafce"
      }
    },
    {
      "identity" : "xmlcoder",
      "kind" : "remoteSourceControl",
      "location" : "https://github.com/CoreOffice/XMLCoder",
      "state" : {
        "branch" : "main",
        "revision" : "1b15e5a7840c7ed913d960f52f05bbfb3018a51f"
      }
    }
  ],
  "version" : 2
}
